// !$*UTF8*$!
{
	archiveVersion = 1;
	classes = {
	};
	objectVersion = 51;
	objects = {

/* Begin PBXBuildFile section */
		7D7C5A6FB674BDF91C67D589 /* Pods_RumexMovie.framework in Frameworks */ = {isa = PBXBuildFile; fileRef = 726292A3A621493E53B0DEDB /* Pods_RumexMovie.framework */; };
		A9169E5337F8E5EEF8433995 /* Pods_RumexMovieTests.framework in Frameworks */ = {isa = PBXBuildFile; fileRef = D0A93A2F208466A7748205A3 /* Pods_RumexMovieTests.framework */; };
		F6EFD7A6E7962E8EEF37CA22 /* Pods_RumexMovie_RumexMovieUITests.framework in Frameworks */ = {isa = PBXBuildFile; fileRef = D7782DA0CF6C9281C9BE5023 /* Pods_RumexMovie_RumexMovieUITests.framework */; };
		FB085AAF25C47420002F685D /* AppDelegate.swift in Sources */ = {isa = PBXBuildFile; fileRef = FB085AAE25C47420002F685D /* AppDelegate.swift */; };
		FB085AB125C47421002F685D /* SceneDelegate.swift in Sources */ = {isa = PBXBuildFile; fileRef = FB085AB025C47421002F685D /* SceneDelegate.swift */; };
		FB085AB325C47421002F685D /* HomeVC.swift in Sources */ = {isa = PBXBuildFile; fileRef = FB085AB225C47421002F685D /* HomeVC.swift */; };
		FB085AB625C47421002F685D /* Main.storyboard in Resources */ = {isa = PBXBuildFile; fileRef = FB085AB425C47421002F685D /* Main.storyboard */; };
		FB085ABB25C47421002F685D /* Assets.xcassets in Resources */ = {isa = PBXBuildFile; fileRef = FB085ABA25C47421002F685D /* Assets.xcassets */; };
		FB085ABE25C47421002F685D /* LaunchScreen.storyboard in Resources */ = {isa = PBXBuildFile; fileRef = FB085ABC25C47421002F685D /* LaunchScreen.storyboard */; };
		FB085AE525C47477002F685D /* MovieDetailVC.swift in Sources */ = {isa = PBXBuildFile; fileRef = FB085AE425C47477002F685D /* MovieDetailVC.swift */; };
		FB085AEF25C474E1002F685D /* Localizator.swift in Sources */ = {isa = PBXBuildFile; fileRef = FB085AEE25C474E1002F685D /* Localizator.swift */; };
		FB085AFD25C47659002F685D /* ApplicationServiceProvider.swift in Sources */ = {isa = PBXBuildFile; fileRef = FB085AFC25C47659002F685D /* ApplicationServiceProvider.swift */; };
		FB0AD46A25D8E6C000E592B5 /* RumexMovie.xcdatamodeld in Sources */ = {isa = PBXBuildFile; fileRef = FB0AD46825D8E6C000E592B5 /* RumexMovie.xcdatamodeld */; };
		FB0AD47525D8EB0800E592B5 /* GetMovieResponce.swift in Sources */ = {isa = PBXBuildFile; fileRef = FB0AD47425D8EB0800E592B5 /* GetMovieResponce.swift */; };
		FB0AD47A25D8EB3E00E592B5 /* Movie.swift in Sources */ = {isa = PBXBuildFile; fileRef = FB0AD47925D8EB3E00E592B5 /* Movie.swift */; };
		FB0AD50125D9040800E592B5 /* HomeVM.swift in Sources */ = {isa = PBXBuildFile; fileRef = FB0AD50025D9040800E592B5 /* HomeVM.swift */; };
		FB0AD51F25D9063F00E592B5 /* Extentions.swift in Sources */ = {isa = PBXBuildFile; fileRef = FB0AD51E25D9063F00E592B5 /* Extentions.swift */; };
		FB0AD55625D90B9600E592B5 /* MovieHomeCell.swift in Sources */ = {isa = PBXBuildFile; fileRef = FB0AD55525D90B9600E592B5 /* MovieHomeCell.swift */; };
		FB4E811425CC57E400FFC958 /* NetworkActivityIndicatorManager.swift in Sources */ = {isa = PBXBuildFile; fileRef = FB4E810F25CC57E400FFC958 /* NetworkActivityIndicatorManager.swift */; };
		FB4E811525CC57E400FFC958 /* APIRouter.swift in Sources */ = {isa = PBXBuildFile; fileRef = FB4E811025CC57E400FFC958 /* APIRouter.swift */; };
		FB4E811625CC57E400FFC958 /* Constants.swift in Sources */ = {isa = PBXBuildFile; fileRef = FB4E811125CC57E400FFC958 /* Constants.swift */; };
		FB4E811725CC57E400FFC958 /* APIClient.swift in Sources */ = {isa = PBXBuildFile; fileRef = FB4E811225CC57E400FFC958 /* APIClient.swift */; };
		FB4E811825CC57E400FFC958 /* NetworkReachability.swift in Sources */ = {isa = PBXBuildFile; fileRef = FB4E811325CC57E400FFC958 /* NetworkReachability.swift */; };
		FB4E811E25CC588C00FFC958 /* SuccessModel.swift in Sources */ = {isa = PBXBuildFile; fileRef = FB4E811C25CC588C00FFC958 /* SuccessModel.swift */; };
		FB4E811F25CC588C00FFC958 /* RegisterRequestModel.swift in Sources */ = {isa = PBXBuildFile; fileRef = FB4E811D25CC588C00FFC958 /* RegisterRequestModel.swift */; };
		FB5F264D25D90CBC008565F1 /* BaseVC.swift in Sources */ = {isa = PBXBuildFile; fileRef = FB5F264C25D90CBC008565F1 /* BaseVC.swift */; };
		FB5F265825D90DFC008565F1 /* Paginator.swift in Sources */ = {isa = PBXBuildFile; fileRef = FB5F265725D90DFC008565F1 /* Paginator.swift */; };
		FB5F265D25D90EEA008565F1 /* Handlers.swift in Sources */ = {isa = PBXBuildFile; fileRef = FB5F265C25D90EEA008565F1 /* Handlers.swift */; };
		FB5F266225D910E3008565F1 /* BaseVM.swift in Sources */ = {isa = PBXBuildFile; fileRef = FB5F266125D910E3008565F1 /* BaseVM.swift */; };
		FB5F266725D911C9008565F1 /* LoadingDelegate.swift in Sources */ = {isa = PBXBuildFile; fileRef = FB5F266625D911C9008565F1 /* LoadingDelegate.swift */; };
		FB5F268025D912E6008565F1 /* NetworkRechability.swift in Sources */ = {isa = PBXBuildFile; fileRef = FB5F267F25D912E6008565F1 /* NetworkRechability.swift */; };
		FB5F268525D91495008565F1 /* AlertProvider.swift in Sources */ = {isa = PBXBuildFile; fileRef = FB5F268425D91495008565F1 /* AlertProvider.swift */; };
		FB5F269F25D923B9008565F1 /* HomeVC+Services.swift in Sources */ = {isa = PBXBuildFile; fileRef = FB5F269E25D923B9008565F1 /* HomeVC+Services.swift */; };
		FB5F26AA25D92448008565F1 /* HomeVC+Delegates.swift in Sources */ = {isa = PBXBuildFile; fileRef = FB5F26A925D92448008565F1 /* HomeVC+Delegates.swift */; };
		FB5F26B225D924E5008565F1 /* HomeVC+Loaders.swift in Sources */ = {isa = PBXBuildFile; fileRef = FB5F26B125D924E5008565F1 /* HomeVC+Loaders.swift */; };
		FB5F26DA25D9273E008565F1 /* MovieDetailVM.swift in Sources */ = {isa = PBXBuildFile; fileRef = FB5F26D925D9273E008565F1 /* MovieDetailVM.swift */; };
		FBA480FE25C6E3AA00D0D839 /* Localuser.swift in Sources */ = {isa = PBXBuildFile; fileRef = FBA480FD25C6E3AA00D0D839 /* Localuser.swift */; };
		FBA4813125C6E4DD00D0D839 /* RealmService.swift in Sources */ = {isa = PBXBuildFile; fileRef = FBA4813025C6E4DD00D0D839 /* RealmService.swift */; };
		FBA4813725C6E53200D0D839 /* User.swift in Sources */ = {isa = PBXBuildFile; fileRef = FBA4813625C6E53100D0D839 /* User.swift */; };
		FBA4813C25C6E6BE00D0D839 /* ApplicationControl.swift in Sources */ = {isa = PBXBuildFile; fileRef = FBA4813B25C6E6BE00D0D839 /* ApplicationControl.swift */; };
		FBA4814125C6E8EB00D0D839 /* Auth.storyboard in Resources */ = {isa = PBXBuildFile; fileRef = FBA4814025C6E8EB00D0D839 /* Auth.storyboard */; };
		FBA4814B25C6E94A00D0D839 /* SignUpVC.swift in Sources */ = {isa = PBXBuildFile; fileRef = FBA4814A25C6E94A00D0D839 /* SignUpVC.swift */; };
/* End PBXBuildFile section */

/* Begin PBXContainerItemProxy section */
		FB085AC525C47421002F685D /* PBXContainerItemProxy */ = {
			isa = PBXContainerItemProxy;
			containerPortal = FB085AA325C47420002F685D /* Project object */;
			proxyType = 1;
			remoteGlobalIDString = FB085AAA25C47420002F685D;
			remoteInfo = RumexMovie;
		};
		FB085AD025C47422002F685D /* PBXContainerItemProxy */ = {
			isa = PBXContainerItemProxy;
			containerPortal = FB085AA325C47420002F685D /* Project object */;
			proxyType = 1;
			remoteGlobalIDString = FB085AAA25C47420002F685D;
			remoteInfo = RumexMovie;
		};
/* End PBXContainerItemProxy section */

/* Begin PBXFileReference section */
		189D0469EACFFC23253ADF29 /* Pods-RumexMovieTests.release.xcconfig */ = {isa = PBXFileReference; includeInIndex = 1; lastKnownFileType = text.xcconfig; name = "Pods-RumexMovieTests.release.xcconfig"; path = "Target Support Files/Pods-RumexMovieTests/Pods-RumexMovieTests.release.xcconfig"; sourceTree = "<group>"; };
		1A46C8BA18D529E2C31EBB35 /* Pods-RumexMovie-RumexMovieUITests.debug.xcconfig */ = {isa = PBXFileReference; includeInIndex = 1; lastKnownFileType = text.xcconfig; name = "Pods-RumexMovie-RumexMovieUITests.debug.xcconfig"; path = "Target Support Files/Pods-RumexMovie-RumexMovieUITests/Pods-RumexMovie-RumexMovieUITests.debug.xcconfig"; sourceTree = "<group>"; };
		717760A071D20FF1411A2A6B /* Pods-RumexMovie.release.xcconfig */ = {isa = PBXFileReference; includeInIndex = 1; lastKnownFileType = text.xcconfig; name = "Pods-RumexMovie.release.xcconfig"; path = "Target Support Files/Pods-RumexMovie/Pods-RumexMovie.release.xcconfig"; sourceTree = "<group>"; };
		726292A3A621493E53B0DEDB /* Pods_RumexMovie.framework */ = {isa = PBXFileReference; explicitFileType = wrapper.framework; includeInIndex = 0; path = Pods_RumexMovie.framework; sourceTree = BUILT_PRODUCTS_DIR; };
		75A3FBAF4422B15A87D6DC1F /* Pods-RumexMovie-RumexMovieUITests.release.xcconfig */ = {isa = PBXFileReference; includeInIndex = 1; lastKnownFileType = text.xcconfig; name = "Pods-RumexMovie-RumexMovieUITests.release.xcconfig"; path = "Target Support Files/Pods-RumexMovie-RumexMovieUITests/Pods-RumexMovie-RumexMovieUITests.release.xcconfig"; sourceTree = "<group>"; };
		C98E4442A8A1EB4D9DA2D273 /* Pods-RumexMovie.debug.xcconfig */ = {isa = PBXFileReference; includeInIndex = 1; lastKnownFileType = text.xcconfig; name = "Pods-RumexMovie.debug.xcconfig"; path = "Target Support Files/Pods-RumexMovie/Pods-RumexMovie.debug.xcconfig"; sourceTree = "<group>"; };
		D0A93A2F208466A7748205A3 /* Pods_RumexMovieTests.framework */ = {isa = PBXFileReference; explicitFileType = wrapper.framework; includeInIndex = 0; path = Pods_RumexMovieTests.framework; sourceTree = BUILT_PRODUCTS_DIR; };
		D7782DA0CF6C9281C9BE5023 /* Pods_RumexMovie_RumexMovieUITests.framework */ = {isa = PBXFileReference; explicitFileType = wrapper.framework; includeInIndex = 0; path = Pods_RumexMovie_RumexMovieUITests.framework; sourceTree = BUILT_PRODUCTS_DIR; };
		E9C4D8B1E1B0BAE6333A7975 /* Pods-RumexMovieTests.debug.xcconfig */ = {isa = PBXFileReference; includeInIndex = 1; lastKnownFileType = text.xcconfig; name = "Pods-RumexMovieTests.debug.xcconfig"; path = "Target Support Files/Pods-RumexMovieTests/Pods-RumexMovieTests.debug.xcconfig"; sourceTree = "<group>"; };
		FB085AAB25C47420002F685D /* RumexMovie.app */ = {isa = PBXFileReference; explicitFileType = wrapper.application; includeInIndex = 0; path = RumexMovie.app; sourceTree = BUILT_PRODUCTS_DIR; };
		FB085AAE25C47420002F685D /* AppDelegate.swift */ = {isa = PBXFileReference; lastKnownFileType = sourcecode.swift; path = AppDelegate.swift; sourceTree = "<group>"; };
		FB085AB025C47421002F685D /* SceneDelegate.swift */ = {isa = PBXFileReference; lastKnownFileType = sourcecode.swift; path = SceneDelegate.swift; sourceTree = "<group>"; };
		FB085AB225C47421002F685D /* HomeVC.swift */ = {isa = PBXFileReference; lastKnownFileType = sourcecode.swift; path = HomeVC.swift; sourceTree = "<group>"; };
		FB085AB525C47421002F685D /* Base */ = {isa = PBXFileReference; lastKnownFileType = file.storyboard; name = Base; path = Base.lproj/Main.storyboard; sourceTree = "<group>"; };
		FB085ABA25C47421002F685D /* Assets.xcassets */ = {isa = PBXFileReference; lastKnownFileType = folder.assetcatalog; path = Assets.xcassets; sourceTree = "<group>"; };
		FB085ABD25C47421002F685D /* Base */ = {isa = PBXFileReference; lastKnownFileType = file.storyboard; name = Base; path = Base.lproj/LaunchScreen.storyboard; sourceTree = "<group>"; };
		FB085ABF25C47421002F685D /* Info.plist */ = {isa = PBXFileReference; lastKnownFileType = text.plist.xml; path = Info.plist; sourceTree = "<group>"; };
		FB085AC425C47421002F685D /* RumexMovieTests.xctest */ = {isa = PBXFileReference; explicitFileType = wrapper.cfbundle; includeInIndex = 0; path = RumexMovieTests.xctest; sourceTree = BUILT_PRODUCTS_DIR; };
		FB085ACA25C47421002F685D /* Info.plist */ = {isa = PBXFileReference; lastKnownFileType = text.plist.xml; path = Info.plist; sourceTree = "<group>"; };
		FB085ACF25C47422002F685D /* RumexMovieUITests.xctest */ = {isa = PBXFileReference; explicitFileType = wrapper.cfbundle; includeInIndex = 0; path = RumexMovieUITests.xctest; sourceTree = BUILT_PRODUCTS_DIR; };
		FB085AD525C47422002F685D /* Info.plist */ = {isa = PBXFileReference; lastKnownFileType = text.plist.xml; path = Info.plist; sourceTree = "<group>"; };
		FB085AE425C47477002F685D /* MovieDetailVC.swift */ = {isa = PBXFileReference; lastKnownFileType = sourcecode.swift; path = MovieDetailVC.swift; sourceTree = "<group>"; };
		FB085AEE25C474E1002F685D /* Localizator.swift */ = {isa = PBXFileReference; lastKnownFileType = sourcecode.swift; path = Localizator.swift; sourceTree = "<group>"; };
		FB085AFC25C47659002F685D /* ApplicationServiceProvider.swift */ = {isa = PBXFileReference; lastKnownFileType = sourcecode.swift; path = ApplicationServiceProvider.swift; sourceTree = "<group>"; };
		FB0AD46925D8E6C000E592B5 /* Template.xcdatamodel */ = {isa = PBXFileReference; lastKnownFileType = wrapper.xcdatamodel; path = Template.xcdatamodel; sourceTree = "<group>"; };
		FB0AD47425D8EB0800E592B5 /* GetMovieResponce.swift */ = {isa = PBXFileReference; lastKnownFileType = sourcecode.swift; path = GetMovieResponce.swift; sourceTree = "<group>"; };
		FB0AD47925D8EB3E00E592B5 /* Movie.swift */ = {isa = PBXFileReference; lastKnownFileType = sourcecode.swift; path = Movie.swift; sourceTree = "<group>"; };
		FB0AD50025D9040800E592B5 /* HomeVM.swift */ = {isa = PBXFileReference; lastKnownFileType = sourcecode.swift; path = HomeVM.swift; sourceTree = "<group>"; };
		FB0AD51E25D9063F00E592B5 /* Extentions.swift */ = {isa = PBXFileReference; fileEncoding = 4; lastKnownFileType = sourcecode.swift; path = Extentions.swift; sourceTree = "<group>"; };
		FB0AD55525D90B9600E592B5 /* MovieHomeCell.swift */ = {isa = PBXFileReference; lastKnownFileType = sourcecode.swift; path = MovieHomeCell.swift; sourceTree = "<group>"; };
		FB4E810F25CC57E400FFC958 /* NetworkActivityIndicatorManager.swift */ = {isa = PBXFileReference; fileEncoding = 4; lastKnownFileType = sourcecode.swift; path = NetworkActivityIndicatorManager.swift; sourceTree = "<group>"; };
		FB4E811025CC57E400FFC958 /* APIRouter.swift */ = {isa = PBXFileReference; fileEncoding = 4; lastKnownFileType = sourcecode.swift; path = APIRouter.swift; sourceTree = "<group>"; };
		FB4E811125CC57E400FFC958 /* Constants.swift */ = {isa = PBXFileReference; fileEncoding = 4; lastKnownFileType = sourcecode.swift; path = Constants.swift; sourceTree = "<group>"; };
		FB4E811225CC57E400FFC958 /* APIClient.swift */ = {isa = PBXFileReference; fileEncoding = 4; lastKnownFileType = sourcecode.swift; path = APIClient.swift; sourceTree = "<group>"; };
		FB4E811325CC57E400FFC958 /* NetworkReachability.swift */ = {isa = PBXFileReference; fileEncoding = 4; lastKnownFileType = sourcecode.swift; path = NetworkReachability.swift; sourceTree = "<group>"; };
		FB4E811C25CC588C00FFC958 /* SuccessModel.swift */ = {isa = PBXFileReference; fileEncoding = 4; lastKnownFileType = sourcecode.swift; path = SuccessModel.swift; sourceTree = "<group>"; };
		FB4E811D25CC588C00FFC958 /* RegisterRequestModel.swift */ = {isa = PBXFileReference; fileEncoding = 4; lastKnownFileType = sourcecode.swift; path = RegisterRequestModel.swift; sourceTree = "<group>"; };
		FB5F264C25D90CBC008565F1 /* BaseVC.swift */ = {isa = PBXFileReference; lastKnownFileType = sourcecode.swift; path = BaseVC.swift; sourceTree = "<group>"; };
		FB5F265725D90DFC008565F1 /* Paginator.swift */ = {isa = PBXFileReference; lastKnownFileType = sourcecode.swift; path = Paginator.swift; sourceTree = "<group>"; };
		FB5F265C25D90EEA008565F1 /* Handlers.swift */ = {isa = PBXFileReference; fileEncoding = 4; lastKnownFileType = sourcecode.swift; path = Handlers.swift; sourceTree = "<group>"; };
		FB5F266125D910E3008565F1 /* BaseVM.swift */ = {isa = PBXFileReference; lastKnownFileType = sourcecode.swift; path = BaseVM.swift; sourceTree = "<group>"; };
		FB5F266625D911C9008565F1 /* LoadingDelegate.swift */ = {isa = PBXFileReference; fileEncoding = 4; lastKnownFileType = sourcecode.swift; path = LoadingDelegate.swift; sourceTree = "<group>"; };
		FB5F267F25D912E6008565F1 /* NetworkRechability.swift */ = {isa = PBXFileReference; fileEncoding = 4; lastKnownFileType = sourcecode.swift; path = NetworkRechability.swift; sourceTree = "<group>"; };
		FB5F268425D91495008565F1 /* AlertProvider.swift */ = {isa = PBXFileReference; fileEncoding = 4; lastKnownFileType = sourcecode.swift; path = AlertProvider.swift; sourceTree = "<group>"; };
		FB5F269E25D923B9008565F1 /* HomeVC+Services.swift */ = {isa = PBXFileReference; lastKnownFileType = sourcecode.swift; path = "HomeVC+Services.swift"; sourceTree = "<group>"; };
		FB5F26A925D92448008565F1 /* HomeVC+Delegates.swift */ = {isa = PBXFileReference; lastKnownFileType = sourcecode.swift; path = "HomeVC+Delegates.swift"; sourceTree = "<group>"; };
		FB5F26B125D924E5008565F1 /* HomeVC+Loaders.swift */ = {isa = PBXFileReference; lastKnownFileType = sourcecode.swift; path = "HomeVC+Loaders.swift"; sourceTree = "<group>"; };
		FB5F26D925D9273E008565F1 /* MovieDetailVM.swift */ = {isa = PBXFileReference; lastKnownFileType = sourcecode.swift; path = MovieDetailVM.swift; sourceTree = "<group>"; };
		FBA480FD25C6E3AA00D0D839 /* Localuser.swift */ = {isa = PBXFileReference; lastKnownFileType = sourcecode.swift; path = Localuser.swift; sourceTree = "<group>"; };
		FBA4813025C6E4DD00D0D839 /* RealmService.swift */ = {isa = PBXFileReference; fileEncoding = 4; lastKnownFileType = sourcecode.swift; path = RealmService.swift; sourceTree = "<group>"; };
		FBA4813625C6E53100D0D839 /* User.swift */ = {isa = PBXFileReference; fileEncoding = 4; lastKnownFileType = sourcecode.swift; path = User.swift; sourceTree = "<group>"; };
		FBA4813B25C6E6BE00D0D839 /* ApplicationControl.swift */ = {isa = PBXFileReference; lastKnownFileType = sourcecode.swift; path = ApplicationControl.swift; sourceTree = "<group>"; };
		FBA4814025C6E8EB00D0D839 /* Auth.storyboard */ = {isa = PBXFileReference; lastKnownFileType = file.storyboard; path = Auth.storyboard; sourceTree = "<group>"; };
		FBA4814A25C6E94A00D0D839 /* SignUpVC.swift */ = {isa = PBXFileReference; lastKnownFileType = sourcecode.swift; path = SignUpVC.swift; sourceTree = "<group>"; };
/* End PBXFileReference section */

/* Begin PBXFrameworksBuildPhase section */
		FB085AA825C47420002F685D /* Frameworks */ = {
			isa = PBXFrameworksBuildPhase;
			buildActionMask = 2147483647;
			files = (
				7D7C5A6FB674BDF91C67D589 /* Pods_RumexMovie.framework in Frameworks */,
			);
			runOnlyForDeploymentPostprocessing = 0;
		};
		FB085AC125C47421002F685D /* Frameworks */ = {
			isa = PBXFrameworksBuildPhase;
			buildActionMask = 2147483647;
			files = (
				A9169E5337F8E5EEF8433995 /* Pods_RumexMovieTests.framework in Frameworks */,
			);
			runOnlyForDeploymentPostprocessing = 0;
		};
		FB085ACC25C47422002F685D /* Frameworks */ = {
			isa = PBXFrameworksBuildPhase;
			buildActionMask = 2147483647;
			files = (
				F6EFD7A6E7962E8EEF37CA22 /* Pods_RumexMovie_RumexMovieUITests.framework in Frameworks */,
			);
			runOnlyForDeploymentPostprocessing = 0;
		};
/* End PBXFrameworksBuildPhase section */

/* Begin PBXGroup section */
		0266B2D85B630853CC159976 /* Frameworks */ = {
			isa = PBXGroup;
			children = (
				726292A3A621493E53B0DEDB /* Pods_RumexMovie.framework */,
				D7782DA0CF6C9281C9BE5023 /* Pods_RumexMovie_RumexMovieUITests.framework */,
				D0A93A2F208466A7748205A3 /* Pods_RumexMovieTests.framework */,
			);
			name = Frameworks;
			sourceTree = "<group>";
		};
		6F71A9FCCC59947CF2793E29 /* Pods */ = {
			isa = PBXGroup;
			children = (
				C98E4442A8A1EB4D9DA2D273 /* Pods-RumexMovie.debug.xcconfig */,
				717760A071D20FF1411A2A6B /* Pods-RumexMovie.release.xcconfig */,
				1A46C8BA18D529E2C31EBB35 /* Pods-RumexMovie-RumexMovieUITests.debug.xcconfig */,
				75A3FBAF4422B15A87D6DC1F /* Pods-RumexMovie-RumexMovieUITests.release.xcconfig */,
				E9C4D8B1E1B0BAE6333A7975 /* Pods-RumexMovieTests.debug.xcconfig */,
				189D0469EACFFC23253ADF29 /* Pods-RumexMovieTests.release.xcconfig */,
			);
			path = Pods;
			sourceTree = "<group>";
		};
		FB085AA225C47420002F685D = {
			isa = PBXGroup;
			children = (
				FB085AAD25C47420002F685D /* RumexMovie */,
				FB085AC725C47421002F685D /* RumexMovieTests */,
				FB085AD225C47422002F685D /* RumexMovieUITests */,
				FB085AAC25C47420002F685D /* Products */,
				6F71A9FCCC59947CF2793E29 /* Pods */,
				0266B2D85B630853CC159976 /* Frameworks */,
			);
			sourceTree = "<group>";
		};
		FB085AAC25C47420002F685D /* Products */ = {
			isa = PBXGroup;
			children = (
				FB085AAB25C47420002F685D /* RumexMovie.app */,
				FB085AC425C47421002F685D /* RumexMovieTests.xctest */,
				FB085ACF25C47422002F685D /* RumexMovieUITests.xctest */,
			);
			name = Products;
			sourceTree = "<group>";
		};
		FB085AAD25C47420002F685D /* RumexMovie */ = {
			isa = PBXGroup;
			children = (
				FB4E810025CC559400FFC958 /* Support */,
				FB4E810425CC572C00FFC958 /* Application */,
				FB4E810E25CC57D500FFC958 /* Networking */,
				FB4E80FC25CC558000FFC958 /* Lounch */,
				FB085AE925C4747E002F685D /* VC+Storyboads */,
				FBA4813525C6E50100D0D839 /* Model */,
				FB085AED25C474CF002F685D /* Utilities */,
			);
			path = RumexMovie;
			sourceTree = "<group>";
		};
		FB085AC725C47421002F685D /* RumexMovieTests */ = {
			isa = PBXGroup;
			children = (
				FB085ACA25C47421002F685D /* Info.plist */,
			);
			path = RumexMovieTests;
			sourceTree = "<group>";
		};
		FB085AD225C47422002F685D /* RumexMovieUITests */ = {
			isa = PBXGroup;
			children = (
				FB085AD525C47422002F685D /* Info.plist */,
			);
			path = RumexMovieUITests;
			sourceTree = "<group>";
		};
		FB085AE925C4747E002F685D /* VC+Storyboads */ = {
			isa = PBXGroup;
			children = (
				FB5F264B25D90CA6008565F1 /* Base */,
				FBA4814625C6E90A00D0D839 /* Auth */,
				FBA4814525C6E8FB00D0D839 /* Main */,
			);
			path = "VC+Storyboads";
			sourceTree = "<group>";
		};
		FB085AED25C474CF002F685D /* Utilities */ = {
			isa = PBXGroup;
			children = (
				FB085AEE25C474E1002F685D /* Localizator.swift */,
				FB5F26E325D92962008565F1 /* ServiceHandlers */,
				FB5F26E225D92943008565F1 /* NavigationHandler */,
				FB5F26E125D92907008565F1 /* AppHelper */,
			);
			path = Utilities;
			sourceTree = "<group>";
		};
		FB0AD4FF25D903F200E592B5 /* MoviesHome */ = {
			isa = PBXGroup;
			children = (
				FB5F26B925D92568008565F1 /* HomeCell */,
				FB085AB225C47421002F685D /* HomeVC.swift */,
				FB5F269E25D923B9008565F1 /* HomeVC+Services.swift */,
				FB5F26A925D92448008565F1 /* HomeVC+Delegates.swift */,
				FB5F26B125D924E5008565F1 /* HomeVC+Loaders.swift */,
				FB0AD50025D9040800E592B5 /* HomeVM.swift */,
			);
			path = MoviesHome;
			sourceTree = "<group>";
		};
		FB4E80FC25CC558000FFC958 /* Lounch */ = {
			isa = PBXGroup;
			children = (
				FB085ABC25C47421002F685D /* LaunchScreen.storyboard */,
			);
			path = Lounch;
			sourceTree = "<group>";
		};
		FB4E810025CC559400FFC958 /* Support */ = {
			isa = PBXGroup;
			children = (
				FB0AD46825D8E6C000E592B5 /* RumexMovie.xcdatamodeld */,
				FB085ABF25C47421002F685D /* Info.plist */,
				FB085ABA25C47421002F685D /* Assets.xcassets */,
			);
			path = Support;
			sourceTree = "<group>";
		};
		FB4E810425CC572C00FFC958 /* Application */ = {
			isa = PBXGroup;
			children = (
				FB085AAE25C47420002F685D /* AppDelegate.swift */,
				FB085AB025C47421002F685D /* SceneDelegate.swift */,
			);
			path = Application;
			sourceTree = "<group>";
		};
		FB4E810E25CC57D500FFC958 /* Networking */ = {
			isa = PBXGroup;
			children = (
				FB4E811225CC57E400FFC958 /* APIClient.swift */,
				FB4E811025CC57E400FFC958 /* APIRouter.swift */,
				FB4E811125CC57E400FFC958 /* Constants.swift */,
				FB4E810F25CC57E400FFC958 /* NetworkActivityIndicatorManager.swift */,
				FB4E811325CC57E400FFC958 /* NetworkReachability.swift */,
			);
			path = Networking;
			sourceTree = "<group>";
		};
		FB5F264B25D90CA6008565F1 /* Base */ = {
			isa = PBXGroup;
			children = (
				FB5F264C25D90CBC008565F1 /* BaseVC.swift */,
				FB5F266125D910E3008565F1 /* BaseVM.swift */,
			);
			path = Base;
			sourceTree = "<group>";
		};
		FB5F26B925D92568008565F1 /* HomeCell */ = {
			isa = PBXGroup;
			children = (
				FB0AD55525D90B9600E592B5 /* MovieHomeCell.swift */,
			);
			path = HomeCell;
			sourceTree = "<group>";
		};
		FB5F26D225D925EC008565F1 /* MovieDetail */ = {
			isa = PBXGroup;
			children = (
				FB085AE425C47477002F685D /* MovieDetailVC.swift */,
				FB5F26D925D9273E008565F1 /* MovieDetailVM.swift */,
			);
			path = MovieDetail;
			sourceTree = "<group>";
		};
		FB5F26E125D92907008565F1 /* AppHelper */ = {
			isa = PBXGroup;
			children = (
				FBA4813B25C6E6BE00D0D839 /* ApplicationControl.swift */,
				FBA4813025C6E4DD00D0D839 /* RealmService.swift */,
				FB0AD51E25D9063F00E592B5 /* Extentions.swift */,
				FBA480FD25C6E3AA00D0D839 /* Localuser.swift */,
				FB5F268425D91495008565F1 /* AlertProvider.swift */,
				FB5F266625D911C9008565F1 /* LoadingDelegate.swift */,
			);
			path = AppHelper;
			sourceTree = "<group>";
		};
		FB5F26E225D92943008565F1 /* NavigationHandler */ = {
			isa = PBXGroup;
			children = (
				FB085AFC25C47659002F685D /* ApplicationServiceProvider.swift */,
			);
			path = NavigationHandler;
			sourceTree = "<group>";
		};
		FB5F26E325D92962008565F1 /* ServiceHandlers */ = {
			isa = PBXGroup;
			children = (
				FB5F265C25D90EEA008565F1 /* Handlers.swift */,
				FB5F267F25D912E6008565F1 /* NetworkRechability.swift */,
			);
			path = ServiceHandlers;
			sourceTree = "<group>";
		};
		FBA4813525C6E50100D0D839 /* Model */ = {
			isa = PBXGroup;
			children = (
				FB4E811D25CC588C00FFC958 /* RegisterRequestModel.swift */,
				FB4E811C25CC588C00FFC958 /* SuccessModel.swift */,
				FBA4813625C6E53100D0D839 /* User.swift */,
				FB0AD47425D8EB0800E592B5 /* GetMovieResponce.swift */,
				FB0AD47925D8EB3E00E592B5 /* Movie.swift */,
				FB5F265725D90DFC008565F1 /* Paginator.swift */,
			);
			path = Model;
			sourceTree = "<group>";
		};
		FBA4814525C6E8FB00D0D839 /* Main */ = {
			isa = PBXGroup;
			children = (
				FB085AB425C47421002F685D /* Main.storyboard */,
				FB0AD4FF25D903F200E592B5 /* MoviesHome */,
				FB5F26D225D925EC008565F1 /* MovieDetail */,
			);
			path = Main;
			sourceTree = "<group>";
		};
		FBA4814625C6E90A00D0D839 /* Auth */ = {
			isa = PBXGroup;
			children = (
				FBA4814025C6E8EB00D0D839 /* Auth.storyboard */,
				FBA4814A25C6E94A00D0D839 /* SignUpVC.swift */,
			);
			path = Auth;
			sourceTree = "<group>";
		};
/* End PBXGroup section */

/* Begin PBXNativeTarget section */
		FB085AAA25C47420002F685D /* RumexMovie */ = {
			isa = PBXNativeTarget;
			buildConfigurationList = FB085AD825C47422002F685D /* Build configuration list for PBXNativeTarget "RumexMovie" */;
			buildPhases = (
				32A9E072DE82C287947A3890 /* [CP] Check Pods Manifest.lock */,
				FB085AA725C47420002F685D /* Sources */,
				FB085AA825C47420002F685D /* Frameworks */,
				FB085AA925C47420002F685D /* Resources */,
				1BD7C322038AC8C270C46079 /* [CP] Embed Pods Frameworks */,
			);
			buildRules = (
			);
			dependencies = (
			);
			name = RumexMovie;
			productName = RumexMovie;
			productReference = FB085AAB25C47420002F685D /* RumexMovie.app */;
			productType = "com.apple.product-type.application";
		};
		FB085AC325C47421002F685D /* RumexMovieTests */ = {
			isa = PBXNativeTarget;
			buildConfigurationList = FB085ADB25C47422002F685D /* Build configuration list for PBXNativeTarget "RumexMovieTests" */;
			buildPhases = (
				7C7B31D7910FA7DB19604514 /* [CP] Check Pods Manifest.lock */,
				FB085AC025C47421002F685D /* Sources */,
				FB085AC125C47421002F685D /* Frameworks */,
				FB085AC225C47421002F685D /* Resources */,
			);
			buildRules = (
			);
			dependencies = (
				FB085AC625C47421002F685D /* PBXTargetDependency */,
			);
			name = RumexMovieTests;
			productName = RumexMovieTests;
			productReference = FB085AC425C47421002F685D /* RumexMovieTests.xctest */;
			productType = "com.apple.product-type.bundle.unit-test";
		};
		FB085ACE25C47422002F685D /* RumexMovieUITests */ = {
			isa = PBXNativeTarget;
			buildConfigurationList = FB085ADE25C47422002F685D /* Build configuration list for PBXNativeTarget "RumexMovieUITests" */;
			buildPhases = (
				282D83C21101673C86732A65 /* [CP] Check Pods Manifest.lock */,
				FB085ACB25C47422002F685D /* Sources */,
				FB085ACC25C47422002F685D /* Frameworks */,
				FB085ACD25C47422002F685D /* Resources */,
				E815C82A232B2C9006CF816B /* [CP] Embed Pods Frameworks */,
			);
			buildRules = (
			);
			dependencies = (
				FB085AD125C47422002F685D /* PBXTargetDependency */,
			);
			name = RumexMovieUITests;
			productName = RumexMovieUITests;
			productReference = FB085ACF25C47422002F685D /* RumexMovieUITests.xctest */;
			productType = "com.apple.product-type.bundle.ui-testing";
		};
/* End PBXNativeTarget section */

/* Begin PBXProject section */
		FB085AA325C47420002F685D /* Project object */ = {
			isa = PBXProject;
			attributes = {
				LastSwiftUpdateCheck = 1220;
				LastUpgradeCheck = 1220;
				TargetAttributes = {
					FB085AAA25C47420002F685D = {
						CreatedOnToolsVersion = 12.2;
					};
					FB085AC325C47421002F685D = {
						CreatedOnToolsVersion = 12.2;
						TestTargetID = FB085AAA25C47420002F685D;
					};
					FB085ACE25C47422002F685D = {
						CreatedOnToolsVersion = 12.2;
						TestTargetID = FB085AAA25C47420002F685D;
					};
				};
			};
			buildConfigurationList = FB085AA625C47420002F685D /* Build configuration list for PBXProject "RumexMovie" */;
			compatibilityVersion = "Xcode 9.3";
			developmentRegion = en;
			hasScannedForEncodings = 0;
			knownRegions = (
				en,
				Base,
			);
			mainGroup = FB085AA225C47420002F685D;
			productRefGroup = FB085AAC25C47420002F685D /* Products */;
			projectDirPath = "";
			projectRoot = "";
			targets = (
				FB085AAA25C47420002F685D /* RumexMovie */,
				FB085AC325C47421002F685D /* RumexMovieTests */,
				FB085ACE25C47422002F685D /* RumexMovieUITests */,
			);
		};
/* End PBXProject section */

/* Begin PBXResourcesBuildPhase section */
		FB085AA925C47420002F685D /* Resources */ = {
			isa = PBXResourcesBuildPhase;
			buildActionMask = 2147483647;
			files = (
				FBA4814125C6E8EB00D0D839 /* Auth.storyboard in Resources */,
				FB085ABE25C47421002F685D /* LaunchScreen.storyboard in Resources */,
				FB085ABB25C47421002F685D /* Assets.xcassets in Resources */,
				FB085AB625C47421002F685D /* Main.storyboard in Resources */,
			);
			runOnlyForDeploymentPostprocessing = 0;
		};
		FB085AC225C47421002F685D /* Resources */ = {
			isa = PBXResourcesBuildPhase;
			buildActionMask = 2147483647;
			files = (
			);
			runOnlyForDeploymentPostprocessing = 0;
		};
		FB085ACD25C47422002F685D /* Resources */ = {
			isa = PBXResourcesBuildPhase;
			buildActionMask = 2147483647;
			files = (
			);
			runOnlyForDeploymentPostprocessing = 0;
		};
/* End PBXResourcesBuildPhase section */

/* Begin PBXShellScriptBuildPhase section */
		1BD7C322038AC8C270C46079 /* [CP] Embed Pods Frameworks */ = {
			isa = PBXShellScriptBuildPhase;
			buildActionMask = 2147483647;
			files = (
			);
			inputFileListPaths = (
				"${PODS_ROOT}/Target Support Files/Pods-RumexMovie/Pods-RumexMovie-frameworks-${CONFIGURATION}-input-files.xcfilelist",
			);
			name = "[CP] Embed Pods Frameworks";
			outputFileListPaths = (
				"${PODS_ROOT}/Target Support Files/Pods-RumexMovie/Pods-RumexMovie-frameworks-${CONFIGURATION}-output-files.xcfilelist",
			);
			runOnlyForDeploymentPostprocessing = 0;
			shellPath = /bin/sh;
			shellScript = "\"${PODS_ROOT}/Target Support Files/Pods-RumexMovie/Pods-RumexMovie-frameworks.sh\"\n";
			showEnvVarsInLog = 0;
		};
		282D83C21101673C86732A65 /* [CP] Check Pods Manifest.lock */ = {
			isa = PBXShellScriptBuildPhase;
			buildActionMask = 2147483647;
			files = (
			);
			inputFileListPaths = (
			);
			inputPaths = (
				"${PODS_PODFILE_DIR_PATH}/Podfile.lock",
				"${PODS_ROOT}/Manifest.lock",
			);
			name = "[CP] Check Pods Manifest.lock";
			outputFileListPaths = (
			);
			outputPaths = (
				"$(DERIVED_FILE_DIR)/Pods-RumexMovie-RumexMovieUITests-checkManifestLockResult.txt",
			);
			runOnlyForDeploymentPostprocessing = 0;
			shellPath = /bin/sh;
			shellScript = "diff \"${PODS_PODFILE_DIR_PATH}/Podfile.lock\" \"${PODS_ROOT}/Manifest.lock\" > /dev/null\nif [ $? != 0 ] ; then\n    # print error to STDERR\n    echo \"error: The sandbox is not in sync with the Podfile.lock. Run 'pod install' or update your CocoaPods installation.\" >&2\n    exit 1\nfi\n# This output is used by Xcode 'outputs' to avoid re-running this script phase.\necho \"SUCCESS\" > \"${SCRIPT_OUTPUT_FILE_0}\"\n";
			showEnvVarsInLog = 0;
		};
		32A9E072DE82C287947A3890 /* [CP] Check Pods Manifest.lock */ = {
			isa = PBXShellScriptBuildPhase;
			buildActionMask = 2147483647;
			files = (
			);
			inputFileListPaths = (
			);
			inputPaths = (
				"${PODS_PODFILE_DIR_PATH}/Podfile.lock",
				"${PODS_ROOT}/Manifest.lock",
			);
			name = "[CP] Check Pods Manifest.lock";
			outputFileListPaths = (
			);
			outputPaths = (
				"$(DERIVED_FILE_DIR)/Pods-RumexMovie-checkManifestLockResult.txt",
			);
			runOnlyForDeploymentPostprocessing = 0;
			shellPath = /bin/sh;
			shellScript = "diff \"${PODS_PODFILE_DIR_PATH}/Podfile.lock\" \"${PODS_ROOT}/Manifest.lock\" > /dev/null\nif [ $? != 0 ] ; then\n    # print error to STDERR\n    echo \"error: The sandbox is not in sync with the Podfile.lock. Run 'pod install' or update your CocoaPods installation.\" >&2\n    exit 1\nfi\n# This output is used by Xcode 'outputs' to avoid re-running this script phase.\necho \"SUCCESS\" > \"${SCRIPT_OUTPUT_FILE_0}\"\n";
			showEnvVarsInLog = 0;
		};
		7C7B31D7910FA7DB19604514 /* [CP] Check Pods Manifest.lock */ = {
			isa = PBXShellScriptBuildPhase;
			buildActionMask = 2147483647;
			files = (
			);
			inputFileListPaths = (
			);
			inputPaths = (
				"${PODS_PODFILE_DIR_PATH}/Podfile.lock",
				"${PODS_ROOT}/Manifest.lock",
			);
			name = "[CP] Check Pods Manifest.lock";
			outputFileListPaths = (
			);
			outputPaths = (
				"$(DERIVED_FILE_DIR)/Pods-RumexMovieTests-checkManifestLockResult.txt",
			);
			runOnlyForDeploymentPostprocessing = 0;
			shellPath = /bin/sh;
			shellScript = "diff \"${PODS_PODFILE_DIR_PATH}/Podfile.lock\" \"${PODS_ROOT}/Manifest.lock\" > /dev/null\nif [ $? != 0 ] ; then\n    # print error to STDERR\n    echo \"error: The sandbox is not in sync with the Podfile.lock. Run 'pod install' or update your CocoaPods installation.\" >&2\n    exit 1\nfi\n# This output is used by Xcode 'outputs' to avoid re-running this script phase.\necho \"SUCCESS\" > \"${SCRIPT_OUTPUT_FILE_0}\"\n";
			showEnvVarsInLog = 0;
		};
		E815C82A232B2C9006CF816B /* [CP] Embed Pods Frameworks */ = {
			isa = PBXShellScriptBuildPhase;
			buildActionMask = 2147483647;
			files = (
			);
			inputFileListPaths = (
				"${PODS_ROOT}/Target Support Files/Pods-RumexMovie-RumexMovieUITests/Pods-RumexMovie-RumexMovieUITests-frameworks-${CONFIGURATION}-input-files.xcfilelist",
			);
			name = "[CP] Embed Pods Frameworks";
			outputFileListPaths = (
				"${PODS_ROOT}/Target Support Files/Pods-RumexMovie-RumexMovieUITests/Pods-RumexMovie-RumexMovieUITests-frameworks-${CONFIGURATION}-output-files.xcfilelist",
			);
			runOnlyForDeploymentPostprocessing = 0;
			shellPath = /bin/sh;
			shellScript = "\"${PODS_ROOT}/Target Support Files/Pods-RumexMovie-RumexMovieUITests/Pods-RumexMovie-RumexMovieUITests-frameworks.sh\"\n";
			showEnvVarsInLog = 0;
		};
/* End PBXShellScriptBuildPhase section */

/* Begin PBXSourcesBuildPhase section */
		FB085AA725C47420002F685D /* Sources */ = {
			isa = PBXSourcesBuildPhase;
			buildActionMask = 2147483647;
			files = (
				FB085AE525C47477002F685D /* MovieDetailVC.swift in Sources */,
				FB0AD50125D9040800E592B5 /* HomeVM.swift in Sources */,
				FB085AB325C47421002F685D /* HomeVC.swift in Sources */,
				FB5F265825D90DFC008565F1 /* Paginator.swift in Sources */,
				FBA4814B25C6E94A00D0D839 /* SignUpVC.swift in Sources */,
				FB5F26AA25D92448008565F1 /* HomeVC+Delegates.swift in Sources */,
				FB5F269F25D923B9008565F1 /* HomeVC+Services.swift in Sources */,
				FB5F264D25D90CBC008565F1 /* BaseVC.swift in Sources */,
				FB4E811725CC57E400FFC958 /* APIClient.swift in Sources */,
				FB0AD47525D8EB0800E592B5 /* GetMovieResponce.swift in Sources */,
				FB4E811425CC57E400FFC958 /* NetworkActivityIndicatorManager.swift in Sources */,
				FB4E811E25CC588C00FFC958 /* SuccessModel.swift in Sources */,
				FB085AFD25C47659002F685D /* ApplicationServiceProvider.swift in Sources */,
				FB4E811625CC57E400FFC958 /* Constants.swift in Sources */,
				FB4E811F25CC588C00FFC958 /* RegisterRequestModel.swift in Sources */,
				FB5F268025D912E6008565F1 /* NetworkRechability.swift in Sources */,
				FB5F265D25D90EEA008565F1 /* Handlers.swift in Sources */,
				FBA4813125C6E4DD00D0D839 /* RealmService.swift in Sources */,
				FB4E811525CC57E400FFC958 /* APIRouter.swift in Sources */,
				FBA480FE25C6E3AA00D0D839 /* Localuser.swift in Sources */,
				FB0AD46A25D8E6C000E592B5 /* RumexMovie.xcdatamodeld in Sources */,
				FB0AD55625D90B9600E592B5 /* MovieHomeCell.swift in Sources */,
				FB5F266225D910E3008565F1 /* BaseVM.swift in Sources */,
				FB0AD47A25D8EB3E00E592B5 /* Movie.swift in Sources */,
				FB085AEF25C474E1002F685D /* Localizator.swift in Sources */,
				FBA4813C25C6E6BE00D0D839 /* ApplicationControl.swift in Sources */,
				FB5F26B225D924E5008565F1 /* HomeVC+Loaders.swift in Sources */,
				FB085AAF25C47420002F685D /* AppDelegate.swift in Sources */,
				FB4E811825CC57E400FFC958 /* NetworkReachability.swift in Sources */,
				FB0AD51F25D9063F00E592B5 /* Extentions.swift in Sources */,
				FB5F266725D911C9008565F1 /* LoadingDelegate.swift in Sources */,
				FBA4813725C6E53200D0D839 /* User.swift in Sources */,
				FB085AB125C47421002F685D /* SceneDelegate.swift in Sources */,
				FB5F268525D91495008565F1 /* AlertProvider.swift in Sources */,
				FB5F26DA25D9273E008565F1 /* MovieDetailVM.swift in Sources */,
			);
			runOnlyForDeploymentPostprocessing = 0;
		};
		FB085AC025C47421002F685D /* Sources */ = {
			isa = PBXSourcesBuildPhase;
			buildActionMask = 2147483647;
			files = (
			);
			runOnlyForDeploymentPostprocessing = 0;
		};
		FB085ACB25C47422002F685D /* Sources */ = {
			isa = PBXSourcesBuildPhase;
			buildActionMask = 2147483647;
			files = (
			);
			runOnlyForDeploymentPostprocessing = 0;
		};
/* End PBXSourcesBuildPhase section */

/* Begin PBXTargetDependency section */
		FB085AC625C47421002F685D /* PBXTargetDependency */ = {
			isa = PBXTargetDependency;
			target = FB085AAA25C47420002F685D /* RumexMovie */;
			targetProxy = FB085AC525C47421002F685D /* PBXContainerItemProxy */;
		};
		FB085AD125C47422002F685D /* PBXTargetDependency */ = {
			isa = PBXTargetDependency;
			target = FB085AAA25C47420002F685D /* RumexMovie */;
			targetProxy = FB085AD025C47422002F685D /* PBXContainerItemProxy */;
		};
/* End PBXTargetDependency section */

/* Begin PBXVariantGroup section */
		FB085AB425C47421002F685D /* Main.storyboard */ = {
			isa = PBXVariantGroup;
			children = (
				FB085AB525C47421002F685D /* Base */,
			);
			name = Main.storyboard;
			sourceTree = "<group>";
		};
		FB085ABC25C47421002F685D /* LaunchScreen.storyboard */ = {
			isa = PBXVariantGroup;
			children = (
				FB085ABD25C47421002F685D /* Base */,
			);
			name = LaunchScreen.storyboard;
			sourceTree = "<group>";
		};
/* End PBXVariantGroup section */

/* Begin XCBuildConfiguration section */
		FB085AD625C47422002F685D /* Debug */ = {
			isa = XCBuildConfiguration;
			buildSettings = {
				ALWAYS_SEARCH_USER_PATHS = NO;
				CLANG_ANALYZER_NONNULL = YES;
				CLANG_ANALYZER_NUMBER_OBJECT_CONVERSION = YES_AGGRESSIVE;
				CLANG_CXX_LANGUAGE_STANDARD = "gnu++14";
				CLANG_CXX_LIBRARY = "libc++";
				CLANG_ENABLE_MODULES = YES;
				CLANG_ENABLE_OBJC_ARC = YES;
				CLANG_ENABLE_OBJC_WEAK = YES;
				CLANG_WARN_BLOCK_CAPTURE_AUTORELEASING = YES;
				CLANG_WARN_BOOL_CONVERSION = YES;
				CLANG_WARN_COMMA = YES;
				CLANG_WARN_CONSTANT_CONVERSION = YES;
				CLANG_WARN_DEPRECATED_OBJC_IMPLEMENTATIONS = YES;
				CLANG_WARN_DIRECT_OBJC_ISA_USAGE = YES_ERROR;
				CLANG_WARN_DOCUMENTATION_COMMENTS = YES;
				CLANG_WARN_EMPTY_BODY = YES;
				CLANG_WARN_ENUM_CONVERSION = YES;
				CLANG_WARN_INFINITE_RECURSION = YES;
				CLANG_WARN_INT_CONVERSION = YES;
				CLANG_WARN_NON_LITERAL_NULL_CONVERSION = YES;
				CLANG_WARN_OBJC_IMPLICIT_RETAIN_SELF = YES;
				CLANG_WARN_OBJC_LITERAL_CONVERSION = YES;
				CLANG_WARN_OBJC_ROOT_CLASS = YES_ERROR;
				CLANG_WARN_QUOTED_INCLUDE_IN_FRAMEWORK_HEADER = YES;
				CLANG_WARN_RANGE_LOOP_ANALYSIS = YES;
				CLANG_WARN_STRICT_PROTOTYPES = YES;
				CLANG_WARN_SUSPICIOUS_MOVE = YES;
				CLANG_WARN_UNGUARDED_AVAILABILITY = YES_AGGRESSIVE;
				CLANG_WARN_UNREACHABLE_CODE = YES;
				CLANG_WARN__DUPLICATE_METHOD_MATCH = YES;
				COPY_PHASE_STRIP = NO;
				DEBUG_INFORMATION_FORMAT = dwarf;
				ENABLE_STRICT_OBJC_MSGSEND = YES;
				ENABLE_TESTABILITY = YES;
				GCC_C_LANGUAGE_STANDARD = gnu11;
				GCC_DYNAMIC_NO_PIC = NO;
				GCC_NO_COMMON_BLOCKS = YES;
				GCC_OPTIMIZATION_LEVEL = 0;
				GCC_PREPROCESSOR_DEFINITIONS = (
					"DEBUG=1",
					"$(inherited)",
				);
				GCC_WARN_64_TO_32_BIT_CONVERSION = YES;
				GCC_WARN_ABOUT_RETURN_TYPE = YES_ERROR;
				GCC_WARN_UNDECLARED_SELECTOR = YES;
				GCC_WARN_UNINITIALIZED_AUTOS = YES_AGGRESSIVE;
				GCC_WARN_UNUSED_FUNCTION = YES;
				GCC_WARN_UNUSED_VARIABLE = YES;
				IPHONEOS_DEPLOYMENT_TARGET = 14.2;
				MTL_ENABLE_DEBUG_INFO = INCLUDE_SOURCE;
				MTL_FAST_MATH = YES;
				ONLY_ACTIVE_ARCH = YES;
				SDKROOT = iphoneos;
				SWIFT_ACTIVE_COMPILATION_CONDITIONS = DEBUG;
				SWIFT_OPTIMIZATION_LEVEL = "-Onone";
			};
			name = Debug;
		};
		FB085AD725C47422002F685D /* Release */ = {
			isa = XCBuildConfiguration;
			buildSettings = {
				ALWAYS_SEARCH_USER_PATHS = NO;
				CLANG_ANALYZER_NONNULL = YES;
				CLANG_ANALYZER_NUMBER_OBJECT_CONVERSION = YES_AGGRESSIVE;
				CLANG_CXX_LANGUAGE_STANDARD = "gnu++14";
				CLANG_CXX_LIBRARY = "libc++";
				CLANG_ENABLE_MODULES = YES;
				CLANG_ENABLE_OBJC_ARC = YES;
				CLANG_ENABLE_OBJC_WEAK = YES;
				CLANG_WARN_BLOCK_CAPTURE_AUTORELEASING = YES;
				CLANG_WARN_BOOL_CONVERSION = YES;
				CLANG_WARN_COMMA = YES;
				CLANG_WARN_CONSTANT_CONVERSION = YES;
				CLANG_WARN_DEPRECATED_OBJC_IMPLEMENTATIONS = YES;
				CLANG_WARN_DIRECT_OBJC_ISA_USAGE = YES_ERROR;
				CLANG_WARN_DOCUMENTATION_COMMENTS = YES;
				CLANG_WARN_EMPTY_BODY = YES;
				CLANG_WARN_ENUM_CONVERSION = YES;
				CLANG_WARN_INFINITE_RECURSION = YES;
				CLANG_WARN_INT_CONVERSION = YES;
				CLANG_WARN_NON_LITERAL_NULL_CONVERSION = YES;
				CLANG_WARN_OBJC_IMPLICIT_RETAIN_SELF = YES;
				CLANG_WARN_OBJC_LITERAL_CONVERSION = YES;
				CLANG_WARN_OBJC_ROOT_CLASS = YES_ERROR;
				CLANG_WARN_QUOTED_INCLUDE_IN_FRAMEWORK_HEADER = YES;
				CLANG_WARN_RANGE_LOOP_ANALYSIS = YES;
				CLANG_WARN_STRICT_PROTOTYPES = YES;
				CLANG_WARN_SUSPICIOUS_MOVE = YES;
				CLANG_WARN_UNGUARDED_AVAILABILITY = YES_AGGRESSIVE;
				CLANG_WARN_UNREACHABLE_CODE = YES;
				CLANG_WARN__DUPLICATE_METHOD_MATCH = YES;
				COPY_PHASE_STRIP = NO;
				DEBUG_INFORMATION_FORMAT = "dwarf-with-dsym";
				ENABLE_NS_ASSERTIONS = NO;
				ENABLE_STRICT_OBJC_MSGSEND = YES;
				GCC_C_LANGUAGE_STANDARD = gnu11;
				GCC_NO_COMMON_BLOCKS = YES;
				GCC_WARN_64_TO_32_BIT_CONVERSION = YES;
				GCC_WARN_ABOUT_RETURN_TYPE = YES_ERROR;
				GCC_WARN_UNDECLARED_SELECTOR = YES;
				GCC_WARN_UNINITIALIZED_AUTOS = YES_AGGRESSIVE;
				GCC_WARN_UNUSED_FUNCTION = YES;
				GCC_WARN_UNUSED_VARIABLE = YES;
				IPHONEOS_DEPLOYMENT_TARGET = 14.2;
				MTL_ENABLE_DEBUG_INFO = NO;
				MTL_FAST_MATH = YES;
				SDKROOT = iphoneos;
				SWIFT_COMPILATION_MODE = wholemodule;
				SWIFT_OPTIMIZATION_LEVEL = "-O";
				VALIDATE_PRODUCT = YES;
			};
			name = Release;
		};
		FB085AD925C47422002F685D /* Debug */ = {
			isa = XCBuildConfiguration;
			baseConfigurationReference = C98E4442A8A1EB4D9DA2D273 /* Pods-RumexMovie.debug.xcconfig */;
			buildSettings = {
				ASSETCATALOG_COMPILER_APPICON_NAME = AppIcon;
				ASSETCATALOG_COMPILER_GLOBAL_ACCENT_COLOR_NAME = AccentColor;
				CODE_SIGN_STYLE = Automatic;
				DEVELOPMENT_TEAM = 9584XYR28J;
				INFOPLIST_FILE = RumexMovie/Support/Info.plist;
				LD_RUNPATH_SEARCH_PATHS = (
					"$(inherited)",
					"@executable_path/Frameworks",
				);
				PRODUCT_BUNDLE_IDENTIFIER = com.SahanRv.RumexMovie;
				PRODUCT_NAME = "$(TARGET_NAME)";
				SWIFT_VERSION = 5.0;
				TARGETED_DEVICE_FAMILY = "1,2";
			};
			name = Debug;
		};
		FB085ADA25C47422002F685D /* Release */ = {
			isa = XCBuildConfiguration;
			baseConfigurationReference = 717760A071D20FF1411A2A6B /* Pods-RumexMovie.release.xcconfig */;
			buildSettings = {
				ASSETCATALOG_COMPILER_APPICON_NAME = AppIcon;
				ASSETCATALOG_COMPILER_GLOBAL_ACCENT_COLOR_NAME = AccentColor;
				CODE_SIGN_STYLE = Automatic;
				DEVELOPMENT_TEAM = 9584XYR28J;
				INFOPLIST_FILE = RumexMovie/Support/Info.plist;
				LD_RUNPATH_SEARCH_PATHS = (
					"$(inherited)",
					"@executable_path/Frameworks",
				);
				PRODUCT_BUNDLE_IDENTIFIER = com.SahanRv.RumexMovie;
				PRODUCT_NAME = "$(TARGET_NAME)";
				SWIFT_VERSION = 5.0;
				TARGETED_DEVICE_FAMILY = "1,2";
			};
			name = Release;
		};
		FB085ADC25C47422002F685D /* Debug */ = {
			isa = XCBuildConfiguration;
			baseConfigurationReference = E9C4D8B1E1B0BAE6333A7975 /* Pods-RumexMovieTests.debug.xcconfig */;
			buildSettings = {
				ALWAYS_EMBED_SWIFT_STANDARD_LIBRARIES = YES;
				BUNDLE_LOADER = "$(TEST_HOST)";
				CODE_SIGN_STYLE = Automatic;
				DEVELOPMENT_TEAM = 9584XYR28J;
				INFOPLIST_FILE = RumexMovieTests/Info.plist;
				IPHONEOS_DEPLOYMENT_TARGET = 14.2;
				LD_RUNPATH_SEARCH_PATHS = (
					"$(inherited)",
					"@executable_path/Frameworks",
					"@loader_path/Frameworks",
				);
				PRODUCT_BUNDLE_IDENTIFIER = com.SahanRv.RumexMovieTests;
				PRODUCT_NAME = "$(TARGET_NAME)";
				SWIFT_VERSION = 5.0;
				TARGETED_DEVICE_FAMILY = "1,2";
				TEST_HOST = "$(BUILT_PRODUCTS_DIR)/RumexMovie.app/RumexMovie";
			};
			name = Debug;
		};
		FB085ADD25C47422002F685D /* Release */ = {
			isa = XCBuildConfiguration;
			baseConfigurationReference = 189D0469EACFFC23253ADF29 /* Pods-RumexMovieTests.release.xcconfig */;
			buildSettings = {
				ALWAYS_EMBED_SWIFT_STANDARD_LIBRARIES = YES;
				BUNDLE_LOADER = "$(TEST_HOST)";
				CODE_SIGN_STYLE = Automatic;
				DEVELOPMENT_TEAM = 9584XYR28J;
				INFOPLIST_FILE = RumexMovieTests/Info.plist;
				IPHONEOS_DEPLOYMENT_TARGET = 14.2;
				LD_RUNPATH_SEARCH_PATHS = (
					"$(inherited)",
					"@executable_path/Frameworks",
					"@loader_path/Frameworks",
				);
				PRODUCT_BUNDLE_IDENTIFIER = com.SahanRv.RumexMovieTests;
				PRODUCT_NAME = "$(TARGET_NAME)";
				SWIFT_VERSION = 5.0;
				TARGETED_DEVICE_FAMILY = "1,2";
				TEST_HOST = "$(BUILT_PRODUCTS_DIR)/RumexMovie.app/RumexMovie";
			};
			name = Release;
		};
		FB085ADF25C47422002F685D /* Debug */ = {
			isa = XCBuildConfiguration;
			baseConfigurationReference = 1A46C8BA18D529E2C31EBB35 /* Pods-RumexMovie-RumexMovieUITests.debug.xcconfig */;
			buildSettings = {
				ALWAYS_EMBED_SWIFT_STANDARD_LIBRARIES = YES;
				CODE_SIGN_STYLE = Automatic;
				DEVELOPMENT_TEAM = 9584XYR28J;
				INFOPLIST_FILE = RumexMovieUITests/Info.plist;
				LD_RUNPATH_SEARCH_PATHS = (
					"$(inherited)",
					"@executable_path/Frameworks",
					"@loader_path/Frameworks",
				);
				PRODUCT_BUNDLE_IDENTIFIER = com.SahanRv.RumexMovieUITests;
				PRODUCT_NAME = "$(TARGET_NAME)";
				SWIFT_VERSION = 5.0;
				TARGETED_DEVICE_FAMILY = "1,2";
				TEST_TARGET_NAME = RumexMovie;
			};
			name = Debug;
		};
		FB085AE025C47422002F685D /* Release */ = {
			isa = XCBuildConfiguration;
			baseConfigurationReference = 75A3FBAF4422B15A87D6DC1F /* Pods-RumexMovie-RumexMovieUITests.release.xcconfig */;
			buildSettings = {
				ALWAYS_EMBED_SWIFT_STANDARD_LIBRARIES = YES;
				CODE_SIGN_STYLE = Automatic;
				DEVELOPMENT_TEAM = 9584XYR28J;
				INFOPLIST_FILE = RumexMovieUITests/Info.plist;
				LD_RUNPATH_SEARCH_PATHS = (
					"$(inherited)",
					"@executable_path/Frameworks",
					"@loader_path/Frameworks",
				);
				PRODUCT_BUNDLE_IDENTIFIER = com.SahanRv.RumexMovieUITests;
				PRODUCT_NAME = "$(TARGET_NAME)";
				SWIFT_VERSION = 5.0;
				TARGETED_DEVICE_FAMILY = "1,2";
				TEST_TARGET_NAME = RumexMovie;
			};
			name = Release;
		};
/* End XCBuildConfiguration section */

/* Begin XCConfigurationList section */
		FB085AA625C47420002F685D /* Build configuration list for PBXProject "RumexMovie" */ = {
			isa = XCConfigurationList;
			buildConfigurations = (
				FB085AD625C47422002F685D /* Debug */,
				FB085AD725C47422002F685D /* Release */,
			);
			defaultConfigurationIsVisible = 0;
			defaultConfigurationName = Release;
		};
		FB085AD825C47422002F685D /* Build configuration list for PBXNativeTarget "RumexMovie" */ = {
			isa = XCConfigurationList;
			buildConfigurations = (
				FB085AD925C47422002F685D /* Debug */,
				FB085ADA25C47422002F685D /* Release */,
			);
			defaultConfigurationIsVisible = 0;
			defaultConfigurationName = Release;
		};
		FB085ADB25C47422002F685D /* Build configuration list for PBXNativeTarget "RumexMovieTests" */ = {
			isa = XCConfigurationList;
			buildConfigurations = (
				FB085ADC25C47422002F685D /* Debug */,
				FB085ADD25C47422002F685D /* Release */,
			);
			defaultConfigurationIsVisible = 0;
			defaultConfigurationName = Release;
		};
		FB085ADE25C47422002F685D /* Build configuration list for PBXNativeTarget "RumexMovieUITests" */ = {
			isa = XCConfigurationList;
			buildConfigurations = (
				FB085ADF25C47422002F685D /* Debug */,
				FB085AE025C47422002F685D /* Release */,
			);
			defaultConfigurationIsVisible = 0;
			defaultConfigurationName = Release;
		};
/* End XCConfigurationList section */

/* Begin XCVersionGroup section */
		FB0AD46825D8E6C000E592B5 /* RumexMovie.xcdatamodeld */ = {
			isa = XCVersionGroup;
			children = (
				FB0AD46925D8E6C000E592B5 /* Template.xcdatamodel */,
			);
			currentVersion = FB0AD46925D8E6C000E592B5 /* Template.xcdatamodel */;
			path = RumexMovie.xcdatamodeld;
			sourceTree = "<group>";
			versionGroupType = wrapper.xcdatamodel;
		};
/* End XCVersionGroup section */
	};
	rootObject = FB085AA325C47420002F685D /* Project object */;
}
