PODS:
  - Alamofire (5.3.0)
  - AlamofireImage (4.1.0):
    - Alamofire (~> 5.1)
  - Kingfisher (5.15.6):
    - Kingfisher/Core (= 5.15.6)
  - Kingfisher/Core (5.15.6)
  - ObjectMapper (4.2.0)
  - PromiseKit (6.13.1):
    - PromiseKit/CorePromise (= 6.13.1)
    - PromiseKit/Foundation (= 6.13.1)
    - PromiseKit/UIKit (= 6.13.1)
  - PromiseKit/CorePromise (6.13.1)
  - PromiseKit/Foundation (6.13.1):
    - PromiseKit/CorePromise
  - PromiseKit/UIKit (6.13.1):
    - PromiseKit/CorePromise
  - PullToRefreshKit (0.8.8)
  - RappleProgressHUD (4.1)
  - Realm (10.0.0):
    - Realm/Headers (= 10.0.0)
  - Realm/Headers (10.0.0)
  - RealmSwift (10.0.0):
    - Realm (= 10.0.0)
  - RxCocoa (5.1.1):
    - RxRelay (~> 5)
    - RxSwift (~> 5)
  - RxRelay (5.1.1):
    - RxSwift (~> 5)
  - RxSwift (5.1.1)
  - SwiftyBeaver (1.9.2)
  - SwiftyJSON (5.0.0)
  - TrueTime (5.0.3)

DEPENDENCIES:
  - AlamofireImage
  - Kingfisher
  - ObjectMapper
  - PromiseKit
  - PullToRefreshKit
  - RappleProgressHUD
  - RealmSwift
  - RxCocoa
  - RxSwift
  - SwiftyBeaver
  - SwiftyJSON
  - TrueTime

SPEC REPOS:
  trunk:
    - Alamofire
    - AlamofireImage
    - Kingfisher
    - ObjectMapper
    - PromiseKit
    - PullToRefreshKit
    - RappleProgressHUD
    - Realm
    - RealmSwift
    - RxCocoa
    - RxRelay
    - RxSwift
    - SwiftyBeaver
    - SwiftyJSON
    - TrueTime

SPEC CHECKSUMS:
  Alamofire: 2c792affbdc2f18016e08fdbcacd60aebe1ba593
  AlamofireImage: c4a2ba349885fb3064feb74d2e547bd42ce9be10
  Kingfisher: b3554e7bf6106115b44e8795300bad580ef2fdc7
  ObjectMapper: 1eb41f610210777375fa806bf161dc39fb832b81
  PromiseKit: 28fda91c973cc377875d8c0ea4f973013c05b6db
  PullToRefreshKit: 7cc53e720e69f135cffa1a57784dfb534f0222ab
  RappleProgressHUD: f29bc5dc5f9834c2caa9c2ae21ba11f3ff2b5a85
  Realm: 5654b8e5e45034d07b219e089034be2ef7d1e7bf
  RealmSwift: 5b4c8c85be4c14ff52054a4d80a8d338167dd79c
  RxCocoa: 32065309a38d29b5b0db858819b5bf9ef038b601
  RxRelay: d77f7d771495f43c556cbc43eebd1bb54d01e8e9
  RxSwift: 81470a2074fa8780320ea5fe4102807cb7118178
  SwiftyBeaver: b8239f6bfe9e1ea3303e6139abc8c24228081d84
  SwiftyJSON: 36413e04c44ee145039d332b4f4e2d3e8d6c4db7
  TrueTime: b49551ffafb28a9dee04e51b226f42a416010842

PODFILE CHECKSUM: 753e639e2664e9cc3991c93f0c8be22b7ecbb048

COCOAPODS: 1.10.0
